
Microsoft Visual Studio Solution File, Format Version 12.00
# Visual Studio Version 17
VisualStudioVersion = 17.4.33103.184
MinimumVisualStudioVersion = 10.0.40219.1
Project("{9A19103F-16F7-4668-BE54-9A1E7A4F7556}") = "SM_System", "SM_System\SM_System.csproj", "{93AC327E-86A9-4514-866E-DB470DD52E52}"
EndProject
Project("{FAE04EC0-301F-11D3-BF4B-00C04F79EFBC}") = "SM_System.Tests", "SM_System.Tests\SM_System.Tests.csproj", "{A092F0EB-406C-448C-BE23-D2E1A67410EE}"
EndProject
Global
	GlobalSection(SolutionConfigurationPlatforms) = preSolution
		Debug|Any CPU = Debug|Any CPU
		Release|Any CPU = Release|Any CPU
	EndGlobalSection
	GlobalSection(ProjectConfigurationPlatforms) = postSolution
		{93AC327E-86A9-4514-866E-DB470DD52E52}.Debug|Any CPU.ActiveCfg = Debug|Any CPU
		{93AC327E-86A9-4514-866E-DB470DD52E52}.Debug|Any CPU.Build.0 = Debug|Any CPU
		{93AC327E-86A9-4514-866E-DB470DD52E52}.Release|Any CPU.ActiveCfg = Release|Any CPU
		{93AC327E-86A9-4514-866E-DB470DD52E52}.Release|Any CPU.Build.0 = Release|Any CPU
		{A092F0EB-406C-448C-BE23-D2E1A67410EE}.Debug|Any CPU.ActiveCfg = Debug|Any CPU
		{A092F0EB-406C-448C-BE23-D2E1A67410EE}.Debug|Any CPU.Build.0 = Debug|Any CPU
		{A092F0EB-406C-448C-BE23-D2E1A67410EE}.Release|Any CPU.ActiveCfg = Release|Any CPU
		{A092F0EB-406C-448C-BE23-D2E1A67410EE}.Release|Any CPU.Build.0 = Release|Any CPU
	EndGlobalSection
	GlobalSection(SolutionProperties) = preSolution
		HideSolutionNode = FALSE
	EndGlobalSection
	GlobalSection(ExtensibilityGlobals) = postSolution
		SolutionGuid = {187C4B72-11D6-4CB9-98A0-2AD93958839D}
	EndGlobalSection
EndGlobal
